lockfileVersion: 5.4

specifiers:
  create-vite: ^4.1.0
  flowbite: ^1.6.3
  postcss: ^8.4.21

dependencies:
  create-vite: 4.1.0
  flowbite: 1.6.3
  postcss: 8.4.21

packages:

  /@popperjs/core/2.11.6:
    resolution: {integrity: sha512-50/17A98tWUfQ176raKiOGXuYpLyyVMkxxG6oylzL3BPOlA6ADGdK7EYunSa4I064xerltq9TGXs8HmOk5E+vw==}
    dev: false

  /create-vite/4.1.0:
    resolution: {integrity: sha512-IQAkwLJcp/6fQUnB2CBxTnsT5xfaHDUTCUi/LLWZTrzfrhVvtoKv9eHuXoG+XzyOyNgqUPJi9aNzwTXqSHw8Vg==}
    engines: {node: ^14.18.0 || >=16.0.0}
    hasBin: true
    dev: false

  /flowbite/1.6.3:
    resolution: {integrity: sha512-wTtAzZBLrUYqUBoTSNcMAeJrZNAcdx04EDgXWnkQ7gkKoAPFvLaq/H/Zw0JKZLVKFpKxqJ7PlvocfDApSHjhvw==}
    dependencies:
      '@popperjs/core': 2.11.6
      mini-svg-data-uri: 1.4.4
    dev: false

  /mini-svg-data-uri/1.4.4:
    resolution: {integrity: sha512-r9deDe9p5FJUPZAk3A59wGH7Ii9YrjjWw0jmw/liSbHl2CHiyXj6FcDXDu2K3TjVAXqiJdaw3xxwlZZr9E6nHg==}
    hasBin: true
    dev: false

  /nanoid/3.3.4:
    resolution: {integrity: sha512-MqBkQh/OHTS2egovRtLk45wEyNXwF+cokD+1YPf9u5VfJiRdAiRwB2froX5Co9Rh20xs4siNPm8naNotSD6RBw==}
    engines: {node: ^10 || ^12 || ^13.7 || ^14 || >=15.0.1}
    hasBin: true
    dev: false

  /picocolors/1.0.0:
    resolution: {integrity: sha512-1fygroTLlHu66zi26VoTDv8yRgm0Fccecssto+MhsZ0D/DGW2sm8E8AjW7NU5VVTRt5GxbeZ5qBuJr+HyLYkjQ==}
    dev: false

  /postcss/8.4.21:
    resolution: {integrity: sha512-tP7u/Sn/dVxK2NnruI4H9BG+x+Wxz6oeZ1cJ8P6G/PZY0IKk4k/63TDsQf2kQq3+qoJeLm2kIBUNlZe3zgb4Zg==}
    engines: {node: ^10 || ^12 || >=14}
    dependencies:
      nanoid: 3.3.4
      picocolors: 1.0.0
      source-map-js: 1.0.2
    dev: false

  /source-map-js/1.0.2:
    resolution: {integrity: sha512-R0XvVJ9WusLiqTCEiGCmICCMplcCkIwwR11mOSD9CR5u+IXYdiseeEuXCVAjS54zqwkLcPNnmU4OeJ6tUrWhDw==}
    engines: {node: '>=0.10.0'}
    dev: false
